// !$*UTF8*$!
{
	archiveVersion = 1;
	classes = {
	};
	objectVersion = 50;
	objects = {

/* Begin PBXBuildFile section */
		8685D6CF234E9D75008BEC37 /* AppDelegate.m in Sources */ = {isa = PBXBuildFile; fileRef = 8685D6CE234E9D75008BEC37 /* AppDelegate.m */; };
		8685D6D2234E9D75008BEC37 /* SceneDelegate.m in Sources */ = {isa = PBXBuildFile; fileRef = 8685D6D1234E9D75008BEC37 /* SceneDelegate.m */; };
		8685D6D8234E9D75008BEC37 /* Main.storyboard in Resources */ = {isa = PBXBuildFile; fileRef = 8685D6D6234E9D75008BEC37 /* Main.storyboard */; };
		8685D6DA234E9D78008BEC37 /* Assets.xcassets in Resources */ = {isa = PBXBuildFile; fileRef = 8685D6D9234E9D78008BEC37 /* Assets.xcassets */; };
		8685D6DD234E9D78008BEC37 /* LaunchScreen.storyboard in Resources */ = {isa = PBXBuildFile; fileRef = 8685D6DB234E9D78008BEC37 /* LaunchScreen.storyboard */; };
		8685D6E0234E9D78008BEC37 /* main.m in Sources */ = {isa = PBXBuildFile; fileRef = 8685D6DF234E9D78008BEC37 /* main.m */; };
		8685D6ED234F593C008BEC37 /* JSTJoke.m in Sources */ = {isa = PBXBuildFile; fileRef = 8685D6EC234F593C008BEC37 /* JSTJoke.m */; };
		8685D6F0234F600C008BEC37 /* JSTJokeController.m in Sources */ = {isa = PBXBuildFile; fileRef = 8685D6EF234F600C008BEC37 /* JSTJokeController.m */; };
		8685D6F3234F6E07008BEC37 /* JSTMainViewController.swift in Sources */ = {isa = PBXBuildFile; fileRef = 8685D6F2234F6E07008BEC37 /* JSTMainViewController.swift */; };
		8685D6F6234F815F008BEC37 /* JSTJokeTableViewCell.swift in Sources */ = {isa = PBXBuildFile; fileRef = 8685D6F5234F815F008BEC37 /* JSTJokeTableViewCell.swift */; };
/* End PBXBuildFile section */

/* Begin PBXFileReference section */
		8685D6CA234E9D75008BEC37 /* ClimbNightReference.app */ = {isa = PBXFileReference; explicitFileType = wrapper.application; includeInIndex = 0; path = ClimbNightReference.app; sourceTree = BUILT_PRODUCTS_DIR; };
		8685D6CD234E9D75008BEC37 /* AppDelegate.h */ = {isa = PBXFileReference; lastKnownFileType = sourcecode.c.h; path = AppDelegate.h; sourceTree = "<group>"; };
		8685D6CE234E9D75008BEC37 /* AppDelegate.m */ = {isa = PBXFileReference; lastKnownFileType = sourcecode.c.objc; path = AppDelegate.m; sourceTree = "<group>"; };
		8685D6D0234E9D75008BEC37 /* SceneDelegate.h */ = {isa = PBXFileReference; lastKnownFileType = sourcecode.c.h; path = SceneDelegate.h; sourceTree = "<group>"; };
		8685D6D1234E9D75008BEC37 /* SceneDelegate.m */ = {isa = PBXFileReference; lastKnownFileType = sourcecode.c.objc; path = SceneDelegate.m; sourceTree = "<group>"; };
		8685D6D7234E9D75008BEC37 /* Base */ = {isa = PBXFileReference; lastKnownFileType = file.storyboard; name = Base; path = Base.lproj/Main.storyboard; sourceTree = "<group>"; };
		8685D6D9234E9D78008BEC37 /* Assets.xcassets */ = {isa = PBXFileReference; lastKnownFileType = folder.assetcatalog; path = Assets.xcassets; sourceTree = "<group>"; };
		8685D6DC234E9D78008BEC37 /* Base */ = {isa = PBXFileReference; lastKnownFileType = file.storyboard; name = Base; path = Base.lproj/LaunchScreen.storyboard; sourceTree = "<group>"; };
		8685D6DE234E9D78008BEC37 /* Info.plist */ = {isa = PBXFileReference; lastKnownFileType = text.plist.xml; path = Info.plist; sourceTree = "<group>"; };
		8685D6DF234E9D78008BEC37 /* main.m */ = {isa = PBXFileReference; lastKnownFileType = sourcecode.c.objc; path = main.m; sourceTree = "<group>"; };
		8685D6EB234F593C008BEC37 /* JSTJoke.h */ = {isa = PBXFileReference; lastKnownFileType = sourcecode.c.h; path = JSTJoke.h; sourceTree = "<group>"; };
		8685D6EC234F593C008BEC37 /* JSTJoke.m */ = {isa = PBXFileReference; lastKnownFileType = sourcecode.c.objc; path = JSTJoke.m; sourceTree = "<group>"; };
		8685D6EE234F600C008BEC37 /* JSTJokeController.h */ = {isa = PBXFileReference; lastKnownFileType = sourcecode.c.h; path = JSTJokeController.h; sourceTree = "<group>"; };
		8685D6EF234F600C008BEC37 /* JSTJokeController.m */ = {isa = PBXFileReference; lastKnownFileType = sourcecode.c.objc; path = JSTJokeController.m; sourceTree = "<group>"; };
		8685D6F1234F6E07008BEC37 /* ClimbNightReference-Bridging-Header.h */ = {isa = PBXFileReference; lastKnownFileType = sourcecode.c.h; path = "ClimbNightReference-Bridging-Header.h"; sourceTree = "<group>"; };
		8685D6F2234F6E07008BEC37 /* JSTMainViewController.swift */ = {isa = PBXFileReference; lastKnownFileType = sourcecode.swift; path = JSTMainViewController.swift; sourceTree = "<group>"; };
		8685D6F5234F815F008BEC37 /* JSTJokeTableViewCell.swift */ = {isa = PBXFileReference; lastKnownFileType = sourcecode.swift; path = JSTJokeTableViewCell.swift; sourceTree = "<group>"; };
/* End PBXFileReference section */

/* Begin PBXFrameworksBuildPhase section */
		8685D6C7234E9D75008BEC37 /* Frameworks */ = {
			isa = PBXFrameworksBuildPhase;
			buildActionMask = 2147483647;
			files = (
			);
			runOnlyForDeploymentPostprocessing = 0;
		};
/* End PBXFrameworksBuildPhase section */

/* Begin PBXGroup section */
		8685D6C1234E9D75008BEC37 = {
			isa = PBXGroup;
			children = (
				8685D6CC234E9D75008BEC37 /* ClimbNightReference */,
				8685D6CB234E9D75008BEC37 /* Products */,
			);
			sourceTree = "<group>";
		};
		8685D6CB234E9D75008BEC37 /* Products */ = {
			isa = PBXGroup;
			children = (
				8685D6CA234E9D75008BEC37 /* ClimbNightReference.app */,
			);
			name = Products;
			sourceTree = "<group>";
		};
		8685D6CC234E9D75008BEC37 /* ClimbNightReference */ = {
			isa = PBXGroup;
			children = (
				8685D6EA234F5869008BEC37 /* View Controllers */,
				8685D6E9234F5863008BEC37 /* Model Controllers */,
				8685D6E8234F585C008BEC37 /* Models */,
				8685D6E6234F5843008BEC37 /* Resources */,
				8685D6E7234F5851008BEC37 /* Storyboards */,
			);
			path = ClimbNightReference;
			sourceTree = "<group>";
		};
		8685D6E6234F5843008BEC37 /* Resources */ = {
			isa = PBXGroup;
			children = (
				8685D6F1234F6E07008BEC37 /* ClimbNightReference-Bridging-Header.h */,
				8685D6CD234E9D75008BEC37 /* AppDelegate.h */,
				8685D6CE234E9D75008BEC37 /* AppDelegate.m */,
				8685D6D0234E9D75008BEC37 /* SceneDelegate.h */,
				8685D6D1234E9D75008BEC37 /* SceneDelegate.m */,
				8685D6D9234E9D78008BEC37 /* Assets.xcassets */,
				8685D6DE234E9D78008BEC37 /* Info.plist */,
				8685D6DF234E9D78008BEC37 /* main.m */,
			);
			path = Resources;
			sourceTree = "<group>";
		};
		8685D6E7234F5851008BEC37 /* Storyboards */ = {
			isa = PBXGroup;
			children = (
				8685D6D6234E9D75008BEC37 /* Main.storyboard */,
				8685D6DB234E9D78008BEC37 /* LaunchScreen.storyboard */,
			);
			path = Storyboards;
			sourceTree = "<group>";
		};
		8685D6E8234F585C008BEC37 /* Models */ = {
			isa = PBXGroup;
			children = (
				8685D6EB234F593C008BEC37 /* JSTJoke.h */,
				8685D6EC234F593C008BEC37 /* JSTJoke.m */,
			);
			path = Models;
			sourceTree = "<group>";
		};
		8685D6E9234F5863008BEC37 /* Model Controllers */ = {
			isa = PBXGroup;
			children = (
				8685D6EE234F600C008BEC37 /* JSTJokeController.h */,
				8685D6EF234F600C008BEC37 /* JSTJokeController.m */,
			);
			path = "Model Controllers";
			sourceTree = "<group>";
		};
		8685D6EA234F5869008BEC37 /* View Controllers */ = {
			isa = PBXGroup;
			children = (
				8685D6F4234F814B008BEC37 /* Custom Cells */,
				8685D6F2234F6E07008BEC37 /* JSTMainViewController.swift */,
			);
			path = "View Controllers";
			sourceTree = "<group>";
		};
		8685D6F4234F814B008BEC37 /* Custom Cells */ = {
			isa = PBXGroup;
			children = (
				8685D6F5234F815F008BEC37 /* JSTJokeTableViewCell.swift */,
			);
			path = "Custom Cells";
			sourceTree = "<group>";
		};
/* End PBXGroup section */

/* Begin PBXNativeTarget section */
		8685D6C9234E9D75008BEC37 /* ClimbNightReference */ = {
			isa = PBXNativeTarget;
			buildConfigurationList = 8685D6E3234E9D78008BEC37 /* Build configuration list for PBXNativeTarget "ClimbNightReference" */;
			buildPhases = (
				8685D6C6234E9D75008BEC37 /* Sources */,
				8685D6C7234E9D75008BEC37 /* Frameworks */,
				8685D6C8234E9D75008BEC37 /* Resources */,
			);
			buildRules = (
			);
			dependencies = (
			);
			name = ClimbNightReference;
			productName = ClimbNightReference;
			productReference = 8685D6CA234E9D75008BEC37 /* ClimbNightReference.app */;
			productType = "com.apple.product-type.application";
		};
/* End PBXNativeTarget section */

/* Begin PBXProject section */
		8685D6C2234E9D75008BEC37 /* Project object */ = {
			isa = PBXProject;
			attributes = {
				CLASSPREFIX = JST;
				LastUpgradeCheck = 1100;
				ORGANIZATIONNAME = "Jax Tubbs";
				TargetAttributes = {
					8685D6C9234E9D75008BEC37 = {
						CreatedOnToolsVersion = 11.0;
						LastSwiftMigration = 1100;
					};
				};
			};
			buildConfigurationList = 8685D6C5234E9D75008BEC37 /* Build configuration list for PBXProject "ClimbNightReference" */;
			compatibilityVersion = "Xcode 9.3";
			developmentRegion = en;
			hasScannedForEncodings = 0;
			knownRegions = (
				en,
				Base,
			);
			mainGroup = 8685D6C1234E9D75008BEC37;
			productRefGroup = 8685D6CB234E9D75008BEC37 /* Products */;
			projectDirPath = "";
			projectRoot = "";
			targets = (
				8685D6C9234E9D75008BEC37 /* ClimbNightReference */,
			);
		};
/* End PBXProject section */

/* Begin PBXResourcesBuildPhase section */
		8685D6C8234E9D75008BEC37 /* Resources */ = {
			isa = PBXResourcesBuildPhase;
			buildActionMask = 2147483647;
			files = (
				8685D6DD234E9D78008BEC37 /* LaunchScreen.storyboard in Resources */,
				8685D6DA234E9D78008BEC37 /* Assets.xcassets in Resources */,
				8685D6D8234E9D75008BEC37 /* Main.storyboard in Resources */,
			);
			runOnlyForDeploymentPostprocessing = 0;
		};
/* End PBXResourcesBuildPhase section */

/* Begin PBXSourcesBuildPhase section */
		8685D6C6234E9D75008BEC37 /* Sources */ = {
			isa = PBXSourcesBuildPhase;
			buildActionMask = 2147483647;
			files = (
				8685D6F0234F600C008BEC37 /* JSTJokeController.m in Sources */,
				8685D6F6234F815F008BEC37 /* JSTJokeTableViewCell.swift in Sources */,
				8685D6F3234F6E07008BEC37 /* JSTMainViewController.swift in Sources */,
				8685D6CF234E9D75008BEC37 /* AppDelegate.m in Sources */,
				8685D6E0234E9D78008BEC37 /* main.m in Sources */,
				8685D6ED234F593C008BEC37 /* JSTJoke.m in Sources */,
				8685D6D2234E9D75008BEC37 /* SceneDelegate.m in Sources */,
			);
			runOnlyForDeploymentPostprocessing = 0;
		};
/* End PBXSourcesBuildPhase section */

/* Begin PBXVariantGroup section */
		8685D6D6234E9D75008BEC37 /* Main.storyboard */ = {
			isa = PBXVariantGroup;
			children = (
				8685D6D7234E9D75008BEC37 /* Base */,
			);
			name = Main.storyboard;
			sourceTree = "<group>";
		};
		8685D6DB234E9D78008BEC37 /* LaunchScreen.storyboard */ = {
			isa = PBXVariantGroup;
			children = (
				8685D6DC234E9D78008BEC37 /* Base */,
			);
			name = LaunchScreen.storyboard;
			sourceTree = "<group>";
		};
/* End PBXVariantGroup section */

/* Begin XCBuildConfiguration section */
		8685D6E1234E9D78008BEC37 /* Debug */ = {
			isa = XCBuildConfiguration;
			buildSettings = {
				ALWAYS_SEARCH_USER_PATHS = NO;
				CLANG_ANALYZER_NONNULL = YES;
				CLANG_ANALYZER_NUMBER_OBJECT_CONVERSION = YES_AGGRESSIVE;
				CLANG_CXX_LANGUAGE_STANDARD = "gnu++14";
				CLANG_CXX_LIBRARY = "libc++";
				CLANG_ENABLE_MODULES = YES;
				CLANG_ENABLE_OBJC_ARC = YES;
				CLANG_ENABLE_OBJC_WEAK = YES;
				CLANG_WARN_BLOCK_CAPTURE_AUTORELEASING = YES;
				CLANG_WARN_BOOL_CONVERSION = YES;
				CLANG_WARN_COMMA = YES;
				CLANG_WARN_CONSTANT_CONVERSION = YES;
				CLANG_WARN_DEPRECATED_OBJC_IMPLEMENTATIONS = YES;
				CLANG_WARN_DIRECT_OBJC_ISA_USAGE = YES_ERROR;
				CLANG_WARN_DOCUMENTATION_COMMENTS = YES;
				CLANG_WARN_EMPTY_BODY = YES;
				CLANG_WARN_ENUM_CONVERSION = YES;
				CLANG_WARN_INFINITE_RECURSION = YES;
				CLANG_WARN_INT_CONVERSION = YES;
				CLANG_WARN_NON_LITERAL_NULL_CONVERSION = YES;
				CLANG_WARN_OBJC_IMPLICIT_RETAIN_SELF = YES;
				CLANG_WARN_OBJC_LITERAL_CONVERSION = YES;
				CLANG_WARN_OBJC_ROOT_CLASS = YES_ERROR;
				CLANG_WARN_RANGE_LOOP_ANALYSIS = YES;
				CLANG_WARN_STRICT_PROTOTYPES = YES;
				CLANG_WARN_SUSPICIOUS_MOVE = YES;
				CLANG_WARN_UNGUARDED_AVAILABILITY = YES_AGGRESSIVE;
				CLANG_WARN_UNREACHABLE_CODE = YES;
				CLANG_WARN__DUPLICATE_METHOD_MATCH = YES;
				COPY_PHASE_STRIP = NO;
				DEBUG_INFORMATION_FORMAT = dwarf;
				ENABLE_STRICT_OBJC_MSGSEND = YES;
				ENABLE_TESTABILITY = YES;
				GCC_C_LANGUAGE_STANDARD = gnu11;
				GCC_DYNAMIC_NO_PIC = NO;
				GCC_NO_COMMON_BLOCKS = YES;
				GCC_OPTIMIZATION_LEVEL = 0;
				GCC_PREPROCESSOR_DEFINITIONS = (
					"DEBUG=1",
					"$(inherited)",
				);
				GCC_WARN_64_TO_32_BIT_CONVERSION = YES;
				GCC_WARN_ABOUT_RETURN_TYPE = YES_ERROR;
				GCC_WARN_UNDECLARED_SELECTOR = YES;
				GCC_WARN_UNINITIALIZED_AUTOS = YES_AGGRESSIVE;
				GCC_WARN_UNUSED_FUNCTION = YES;
				GCC_WARN_UNUSED_VARIABLE = YES;
				IPHONEOS_DEPLOYMENT_TARGET = 13.0;
				MTL_ENABLE_DEBUG_INFO = INCLUDE_SOURCE;
				MTL_FAST_MATH = YES;
				ONLY_ACTIVE_ARCH = YES;
				SDKROOT = iphoneos;
			};
			name = Debug;
		};
		8685D6E2234E9D78008BEC37 /* Release */ = {
			isa = XCBuildConfiguration;
			buildSettings = {
				ALWAYS_SEARCH_USER_PATHS = NO;
				CLANG_ANALYZER_NONNULL = YES;
				CLANG_ANALYZER_NUMBER_OBJECT_CONVERSION = YES_AGGRESSIVE;
				CLANG_CXX_LANGUAGE_STANDARD = "gnu++14";
				CLANG_CXX_LIBRARY = "libc++";
				CLANG_ENABLE_MODULES = YES;
				CLANG_ENABLE_OBJC_ARC = YES;
				CLANG_ENABLE_OBJC_WEAK = YES;
				CLANG_WARN_BLOCK_CAPTURE_AUTORELEASING = YES;
				CLANG_WARN_BOOL_CONVERSION = YES;
				CLANG_WARN_COMMA = YES;
				CLANG_WARN_CONSTANT_CONVERSION = YES;
				CLANG_WARN_DEPRECATED_OBJC_IMPLEMENTATIONS = YES;
				CLANG_WARN_DIRECT_OBJC_ISA_USAGE = YES_ERROR;
				CLANG_WARN_DOCUMENTATION_COMMENTS = YES;
				CLANG_WARN_EMPTY_BODY = YES;
				CLANG_WARN_ENUM_CONVERSION = YES;
				CLANG_WARN_INFINITE_RECURSION = YES;
				CLANG_WARN_INT_CONVERSION = YES;
				CLANG_WARN_NON_LITERAL_NULL_CONVERSION = YES;
				CLANG_WARN_OBJC_IMPLICIT_RETAIN_SELF = YES;
				CLANG_WARN_OBJC_LITERAL_CONVERSION = YES;
				CLANG_WARN_OBJC_ROOT_CLASS = YES_ERROR;
				CLANG_WARN_RANGE_LOOP_ANALYSIS = YES;
				CLANG_WARN_STRICT_PROTOTYPES = YES;
				CLANG_WARN_SUSPICIOUS_MOVE = YES;
				CLANG_WARN_UNGUARDED_AVAILABILITY = YES_AGGRESSIVE;
				CLANG_WARN_UNREACHABLE_CODE = YES;
				CLANG_WARN__DUPLICATE_METHOD_MATCH = YES;
				COPY_PHASE_STRIP = NO;
				DEBUG_INFORMATION_FORMAT = "dwarf-with-dsym";
				ENABLE_NS_ASSERTIONS = NO;
				ENABLE_STRICT_OBJC_MSGSEND = YES;
				GCC_C_LANGUAGE_STANDARD = gnu11;
				GCC_NO_COMMON_BLOCKS = YES;
				GCC_WARN_64_TO_32_BIT_CONVERSION = YES;
				GCC_WARN_ABOUT_RETURN_TYPE = YES_ERROR;
				GCC_WARN_UNDECLARED_SELECTOR = YES;
				GCC_WARN_UNINITIALIZED_AUTOS = YES_AGGRESSIVE;
				GCC_WARN_UNUSED_FUNCTION = YES;
				GCC_WARN_UNUSED_VARIABLE = YES;
				IPHONEOS_DEPLOYMENT_TARGET = 13.0;
				MTL_ENABLE_DEBUG_INFO = NO;
				MTL_FAST_MATH = YES;
				SDKROOT = iphoneos;
				VALIDATE_PRODUCT = YES;
			};
			name = Release;
		};
		8685D6E4234E9D78008BEC37 /* Debug */ = {
			isa = XCBuildConfiguration;
			buildSettings = {
				ASSETCATALOG_COMPILER_APPICON_NAME = AppIcon;
				CLANG_ENABLE_MODULES = YES;
				CODE_SIGN_STYLE = Automatic;
				DEVELOPMENT_TEAM = 2WP5X762NJ;
				INFOPLIST_FILE = ClimbNightReference/Resources/Info.plist;
				LD_RUNPATH_SEARCH_PATHS = (
					"$(inherited)",
					"@executable_path/Frameworks",
				);
				PRODUCT_BUNDLE_IDENTIFIER = Decknot.ClimbNightReference;
				PRODUCT_NAME = "$(TARGET_NAME)";
				SWIFT_OBJC_BRIDGING_HEADER = "ClimbNightReference/Resources/ClimbNightReference-Bridging-Header.h";
				SWIFT_OPTIMIZATION_LEVEL = "-Onone";
				SWIFT_VERSION = 5.0;
				TARGETED_DEVICE_FAMILY = "1,2";
			};
			name = Debug;
		};
		8685D6E5234E9D78008BEC37 /* Release */ = {
			isa = XCBuildConfiguration;
			buildSettings = {
				ASSETCATALOG_COMPILER_APPICON_NAME = AppIcon;
				CLANG_ENABLE_MODULES = YES;
				CODE_SIGN_STYLE = Automatic;
				DEVELOPMENT_TEAM = 2WP5X762NJ;
				INFOPLIST_FILE = ClimbNightReference/Resources/Info.plist;
				LD_RUNPATH_SEARCH_PATHS = (
					"$(inherited)",
					"@executable_path/Frameworks",
				);
				PRODUCT_BUNDLE_IDENTIFIER = Decknot.ClimbNightReference;
				PRODUCT_NAME = "$(TARGET_NAME)";
				SWIFT_OBJC_BRIDGING_HEADER = "ClimbNightReference/Resources/ClimbNightReference-Bridging-Header.h";
				SWIFT_VERSION = 5.0;
				TARGETED_DEVICE_FAMILY = "1,2";
			};
			name = Release;
		};
/* End XCBuildConfiguration section */

/* Begin XCConfigurationList section */
		8685D6C5234E9D75008BEC37 /* Build configuration list for PBXProject "ClimbNightReference" */ = {
			isa = XCConfigurationList;
			buildConfigurations = (
				8685D6E1234E9D78008BEC37 /* Debug */,
				8685D6E2234E9D78008BEC37 /* Release */,
			);
			defaultConfigurationIsVisible = 0;
			defaultConfigurationName = Release;
		};
		8685D6E3234E9D78008BEC37 /* Build configuration list for PBXNativeTarget "ClimbNightReference" */ = {
			isa = XCConfigurationList;
			buildConfigurations = (
				8685D6E4234E9D78008BEC37 /* Debug */,
				8685D6E5234E9D78008BEC37 /* Release */,
			);
			defaultConfigurationIsVisible = 0;
			defaultConfigurationName = Release;
		};
/* End XCConfigurationList section */
	};
	rootObject = 8685D6C2234E9D75008BEC37 /* Project object */;
}
